
Microsoft Visual Studio Solution File, Format Version 12.00
# Visual Studio Version 16
VisualStudioVersion = 16.0.30804.86
MinimumVisualStudioVersion = 10.0.40219.1
Project("{9A19103F-16F7-4668-BE54-9A1E7A4F7556}") = "HotelListing", "HotelListing\HotelListing.csproj", "{6FD680A8-D3EA-490F-8A89-F7B7789A09D9}"
EndProject
Project("{FAE04EC0-301F-11D3-BF4B-00C04F79EFBC}") = "HotelListing.Data", "HotelListing.Data\HotelListing.Data.csproj", "{8E555A64-1E10-47D4-835F-7BBD5077A4D8}"
EndProject
Project("{FAE04EC0-301F-11D3-BF4B-00C04F79EFBC}") = "HotelListing.Core", "HotelListing.Core\HotelListing.Core.csproj", "{ABB6A6E5-736B-45C1-AC5E-E264F894D3D2}"
EndProject
Global
	GlobalSection(SolutionConfigurationPlatforms) = preSolution
		Debug|Any CPU = Debug|Any CPU
		Release|Any CPU = Release|Any CPU
	EndGlobalSection
	GlobalSection(ProjectConfigurationPlatforms) = postSolution
		{6FD680A8-D3EA-490F-8A89-F7B7789A09D9}.Debug|Any CPU.ActiveCfg = Debug|Any CPU
		{6FD680A8-D3EA-490F-8A89-F7B7789A09D9}.Debug|Any CPU.Build.0 = Debug|Any CPU
		{6FD680A8-D3EA-490F-8A89-F7B7789A09D9}.Release|Any CPU.ActiveCfg = Release|Any CPU
		{6FD680A8-D3EA-490F-8A89-F7B7789A09D9}.Release|Any CPU.Build.0 = Release|Any CPU
		{8E555A64-1E10-47D4-835F-7BBD5077A4D8}.Debug|Any CPU.ActiveCfg = Debug|Any CPU
		{8E555A64-1E10-47D4-835F-7BBD5077A4D8}.Debug|Any CPU.Build.0 = Debug|Any CPU
		{8E555A64-1E10-47D4-835F-7BBD5077A4D8}.Release|Any CPU.ActiveCfg = Release|Any CPU
		{8E555A64-1E10-47D4-835F-7BBD5077A4D8}.Release|Any CPU.Build.0 = Release|Any CPU
		{ABB6A6E5-736B-45C1-AC5E-E264F894D3D2}.Debug|Any CPU.ActiveCfg = Debug|Any CPU
		{ABB6A6E5-736B-45C1-AC5E-E264F894D3D2}.Debug|Any CPU.Build.0 = Debug|Any CPU
		{ABB6A6E5-736B-45C1-AC5E-E264F894D3D2}.Release|Any CPU.ActiveCfg = Release|Any CPU
		{ABB6A6E5-736B-45C1-AC5E-E264F894D3D2}.Release|Any CPU.Build.0 = Release|Any CPU
	EndGlobalSection
	GlobalSection(SolutionProperties) = preSolution
		HideSolutionNode = FALSE
	EndGlobalSection
	GlobalSection(ExtensibilityGlobals) = postSolution
		SolutionGuid = {E01E48CA-1BD9-410D-BBBC-C4CC97604F65}
	EndGlobalSection
EndGlobal
